
Microsoft Visual Studio Solution File, Format Version 12.00
# Visual Studio Version 17
VisualStudioVersion = 17.0.32126.317
MinimumVisualStudioVersion = 10.0.40219.1
Project("{FAE04EC0-301F-11D3-BF4B-00C04F79EFBC}") = "CatQuiz", "CatQuiz\CatQuiz.csproj", "{13843711-4833-4381-A690-9CFB8AD3F693}"
EndProject
Global
	GlobalSection(SolutionConfigurationPlatforms) = preSolution
		Debug|Any CPU = Debug|Any CPU
		Release|Any CPU = Release|Any CPU
	EndGlobalSection
	GlobalSection(ProjectConfigurationPlatforms) = postSolution
		{13843711-4833-4381-A690-9CFB8AD3F693}.Debug|Any CPU.ActiveCfg = Debug|Any CPU
		{13843711-4833-4381-A690-9CFB8AD3F693}.Debug|Any CPU.Build.0 = Debug|Any CPU
		{13843711-4833-4381-A690-9CFB8AD3F693}.Release|Any CPU.ActiveCfg = Release|Any CPU
		{13843711-4833-4381-A690-9CFB8AD3F693}.Release|Any CPU.Build.0 = Release|Any CPU
	EndGlobalSection
	GlobalSection(SolutionProperties) = preSolution
		HideSolutionNode = FALSE
	EndGlobalSection
	GlobalSection(ExtensibilityGlobals) = postSolution
		SolutionGuid = {3B43CEDF-0FBD-4881-A590-0F1411BB9FE3}
	EndGlobalSection
EndGlobal
